
Microsoft Visual Studio Solution File, Format Version 12.00
# Visual Studio Version 16
VisualStudioVersion = 16.0.30907.101
MinimumVisualStudioVersion = 10.0.40219.1
Project("{9A19103F-16F7-4668-BE54-9A1E7A4F7556}") = "01.Cooking", "01.Cooking\01.Cooking.csproj", "{66B0C3DA-38F8-4FE9-825A-ECCF04751A71}"
EndProject
Project("{9A19103F-16F7-4668-BE54-9A1E7A4F7556}") = "02.Selling", "02.Selling\02.Selling.csproj", "{2745ACF0-84CC-4B15-B190-7DD248EBF43A}"
EndProject
Project("{9A19103F-16F7-4668-BE54-9A1E7A4F7556}") = "03.BakeryOpenning", "03.Bakery\03.BakeryOpenning.csproj", "{F5D1F6F0-CC2C-453B-BAAF-2FEF340A3481}"
EndProject
Global
	GlobalSection(SolutionConfigurationPlatforms) = preSolution
		Debug|Any CPU = Debug|Any CPU
		Release|Any CPU = Release|Any CPU
	EndGlobalSection
	GlobalSection(ProjectConfigurationPlatforms) = postSolution
		{66B0C3DA-38F8-4FE9-825A-ECCF04751A71}.Debug|Any CPU.ActiveCfg = Debug|Any CPU
		{66B0C3DA-38F8-4FE9-825A-ECCF04751A71}.Debug|Any CPU.Build.0 = Debug|Any CPU
		{66B0C3DA-38F8-4FE9-825A-ECCF04751A71}.Release|Any CPU.ActiveCfg = Release|Any CPU
		{66B0C3DA-38F8-4FE9-825A-ECCF04751A71}.Release|Any CPU.Build.0 = Release|Any CPU
		{2745ACF0-84CC-4B15-B190-7DD248EBF43A}.Debug|Any CPU.ActiveCfg = Debug|Any CPU
		{2745ACF0-84CC-4B15-B190-7DD248EBF43A}.Debug|Any CPU.Build.0 = Debug|Any CPU
		{2745ACF0-84CC-4B15-B190-7DD248EBF43A}.Release|Any CPU.ActiveCfg = Release|Any CPU
		{2745ACF0-84CC-4B15-B190-7DD248EBF43A}.Release|Any CPU.Build.0 = Release|Any CPU
		{F5D1F6F0-CC2C-453B-BAAF-2FEF340A3481}.Debug|Any CPU.ActiveCfg = Debug|Any CPU
		{F5D1F6F0-CC2C-453B-BAAF-2FEF340A3481}.Debug|Any CPU.Build.0 = Debug|Any CPU
		{F5D1F6F0-CC2C-453B-BAAF-2FEF340A3481}.Release|Any CPU.ActiveCfg = Release|Any CPU
		{F5D1F6F0-CC2C-453B-BAAF-2FEF340A3481}.Release|Any CPU.Build.0 = Release|Any CPU
	EndGlobalSection
	GlobalSection(SolutionProperties) = preSolution
		HideSolutionNode = FALSE
	EndGlobalSection
	GlobalSection(ExtensibilityGlobals) = postSolution
		SolutionGuid = {1852FC2F-E476-4941-A7F5-740E91857144}
	EndGlobalSection
EndGlobal
